
Microsoft Visual Studio Solution File, Format Version 12.00
# Visual Studio Version 17
VisualStudioVersion = 17.6.33829.357
MinimumVisualStudioVersion = 10.0.40219.1
Project("{FAE04EC0-301F-11D3-BF4B-00C04F79EFBC}") = "ProtoU", "ProtoU\ProtoU.csproj", "{DE7FD16B-6D29-4D7E-8D9C-912E09BD0241}"
EndProject
Global
	GlobalSection(SolutionConfigurationPlatforms) = preSolution
		Debug|Any CPU = Debug|Any CPU
		Release|Any CPU = Release|Any CPU
	EndGlobalSection
	GlobalSection(ProjectConfigurationPlatforms) = postSolution
		{DE7FD16B-6D29-4D7E-8D9C-912E09BD0241}.Debug|Any CPU.ActiveCfg = Debug|Any CPU
		{DE7FD16B-6D29-4D7E-8D9C-912E09BD0241}.Debug|Any CPU.Build.0 = Debug|Any CPU
		{DE7FD16B-6D29-4D7E-8D9C-912E09BD0241}.Release|Any CPU.ActiveCfg = Release|Any CPU
		{DE7FD16B-6D29-4D7E-8D9C-912E09BD0241}.Release|Any CPU.Build.0 = Release|Any CPU
	EndGlobalSection
	GlobalSection(SolutionProperties) = preSolution
		HideSolutionNode = FALSE
	EndGlobalSection
	GlobalSection(ExtensibilityGlobals) = postSolution
		SolutionGuid = {32BA0564-574F-4811-86DC-8EE973B13B6C}
	EndGlobalSection
EndGlobal
